// !$*UTF8*$!
{
	archiveVersion = 1;
	classes = {
	};
	objectVersion = 52;
	objects = {

/* Begin PBXBuildFile section */
		3B00BF25264F0E040014CFDD /* UnsupervisedTextClassifier in Frameworks */ = {isa = PBXBuildFile; productRef = 3B00BF24264F0E040014CFDD /* UnsupervisedTextClassifier */; };
		3B0A40CD263B560900AA836F /* OverrideStuff.swift in Sources */ = {isa = PBXBuildFile; fileRef = 3B0A40CC263B560900AA836F /* OverrideStuff.swift */; };
		3B0CF126264896C100306C0A /* FeedModel.swift in Sources */ = {isa = PBXBuildFile; fileRef = 3B0CF125264896C100306C0A /* FeedModel.swift */; };
		3B0CF128264896F600306C0A /* UserAuthorization.swift in Sources */ = {isa = PBXBuildFile; fileRef = 3B0CF127264896F600306C0A /* UserAuthorization.swift */; };
		3B0CF12A2648975600306C0A /* UserAccount.swift in Sources */ = {isa = PBXBuildFile; fileRef = 3B0CF1292648975600306C0A /* UserAccount.swift */; };
		3B0CF12C2648976500306C0A /* UserSubscription.swift in Sources */ = {isa = PBXBuildFile; fileRef = 3B0CF12B2648976500306C0A /* UserSubscription.swift */; };
		3B20745326278AF70099603E /* TwitterServices.swift in Sources */ = {isa = PBXBuildFile; fileRef = 3B20745226278AF70099603E /* TwitterServices.swift */; };
		3B20745626278C260099603E /* SafariLoginView.swift in Sources */ = {isa = PBXBuildFile; fileRef = 3B20745526278C260099603E /* SafariLoginView.swift */; };
		3B20745A262790BC0099603E /* TwitterLoginSample.swift in Sources */ = {isa = PBXBuildFile; fileRef = 3B207459262790BC0099603E /* TwitterLoginSample.swift */; };
		3B2E3C32266EC35900A0DA10 /* TopicCardsView.swift in Sources */ = {isa = PBXBuildFile; fileRef = 3B2E3C31266EC35900A0DA10 /* TopicCardsView.swift */; };
		3B3382DA2649812000C404F3 /* ContentView.swift in Sources */ = {isa = PBXBuildFile; fileRef = 3B3382D92649812000C404F3 /* ContentView.swift */; };
		3B3382DC2649926700C404F3 /* ErrorHandling.swift in Sources */ = {isa = PBXBuildFile; fileRef = 3B3382DB2649926700C404F3 /* ErrorHandling.swift */; };
		3B364DF2262B0B970032FC61 /* FetchingView.swift in Sources */ = {isa = PBXBuildFile; fileRef = 3B364DF1262B0B970032FC61 /* FetchingView.swift */; };
		3B364DF5262B7C960032FC61 /* Samples.swift in Sources */ = {isa = PBXBuildFile; fileRef = 3B364DF4262B7C960032FC61 /* Samples.swift */; };
		3B58D03B264ADFA500926FD2 /* SubscriptionsView.swift in Sources */ = {isa = PBXBuildFile; fileRef = 3B58D03A264ADFA500926FD2 /* SubscriptionsView.swift */; };
		3B650C5226122AF000801185 /* MasterFeedApp.swift in Sources */ = {isa = PBXBuildFile; fileRef = 3B650C5126122AF000801185 /* MasterFeedApp.swift */; };
		3B650C5626122AF100801185 /* Assets.xcassets in Resources */ = {isa = PBXBuildFile; fileRef = 3B650C5526122AF100801185 /* Assets.xcassets */; };
		3B650C5926122AF100801185 /* Preview Assets.xcassets in Resources */ = {isa = PBXBuildFile; fileRef = 3B650C5826122AF100801185 /* Preview Assets.xcassets */; };
		3B650C5B26122AF100801185 /* Persistence.swift in Sources */ = {isa = PBXBuildFile; fileRef = 3B650C5A26122AF100801185 /* Persistence.swift */; };
		3B650C5E26122AF100801185 /* MasterFeed.xcdatamodeld in Sources */ = {isa = PBXBuildFile; fileRef = 3B650C5C26122AF100801185 /* MasterFeed.xcdatamodeld */; };
		3B6C2FF62645975700ACFE36 /* OnboardingView.swift in Sources */ = {isa = PBXBuildFile; fileRef = 3B6C2FF52645975700ACFE36 /* OnboardingView.swift */; };
		3B6C2FF8264597E000ACFE36 /* OnboardingTabsView.swift in Sources */ = {isa = PBXBuildFile; fileRef = 3B6C2FF7264597E000ACFE36 /* OnboardingTabsView.swift */; };
		3B6C2FFC264598AD00ACFE36 /* Data.swift in Sources */ = {isa = PBXBuildFile; fileRef = 3B6C2FFB264598AD00ACFE36 /* Data.swift */; };
		3B6C2FFE26459BB900ACFE36 /* ButtonStyle+ViewModifier.swift in Sources */ = {isa = PBXBuildFile; fileRef = 3B6C2FFD26459BB900ACFE36 /* ButtonStyle+ViewModifier.swift */; };
		3B6C30002645A25800ACFE36 /* OnboardingBackgroundView.swift in Sources */ = {isa = PBXBuildFile; fileRef = 3B6C2FFF2645A25800ACFE36 /* OnboardingBackgroundView.swift */; };
		3B6C30022645AB0200ACFE36 /* ButtonsNextPreviousView.swift in Sources */ = {isa = PBXBuildFile; fileRef = 3B6C30012645AB0200ACFE36 /* ButtonsNextPreviousView.swift */; };
		3B6C30052645C2F000ACFE36 /* TwitterLoginView.swift in Sources */ = {isa = PBXBuildFile; fileRef = 3B6C30042645C2F000ACFE36 /* TwitterLoginView.swift */; };
		3B6C30072645C8BB00ACFE36 /* TwitterAuth.swift in Sources */ = {isa = PBXBuildFile; fileRef = 3B6C30062645C8BB00ACFE36 /* TwitterAuth.swift */; };
		3B6CB0EB2654499400408AA5 /* SampleData.swift in Sources */ = {isa = PBXBuildFile; fileRef = 3B6CB0EA2654499400408AA5 /* SampleData.swift */; };
		3B6CB0F52655BFC000408AA5 /* ImageModel.swift in Sources */ = {isa = PBXBuildFile; fileRef = 3B6CB0F42655BFC000408AA5 /* ImageModel.swift */; };
		3B6CB0F72655D99E00408AA5 /* SwiftUIView.swift in Sources */ = {isa = PBXBuildFile; fileRef = 3B6CB0F62655D99E00408AA5 /* SwiftUIView.swift */; };
		3B6CB0F92656882B00408AA5 /* CardView.swift in Sources */ = {isa = PBXBuildFile; fileRef = 3B6CB0F82656882B00408AA5 /* CardView.swift */; };
		3B79FDA9264C9C0E00EA6254 /* AppTabView.swift in Sources */ = {isa = PBXBuildFile; fileRef = 3B79FDA8264C9C0E00EA6254 /* AppTabView.swift */; };
		3B834255264CA0AA001704D2 /* AccountView.swift in Sources */ = {isa = PBXBuildFile; fileRef = 3B834254264CA0AA001704D2 /* AccountView.swift */; };
		3B834258264CBCCA001704D2 /* MainFeedView.swift in Sources */ = {isa = PBXBuildFile; fileRef = 3B834257264CBCCA001704D2 /* MainFeedView.swift */; };
		3B89A2692628ED0A00C92DA2 /* OAuthSwift in Frameworks */ = {isa = PBXBuildFile; productRef = 3B89A2682628ED0A00C92DA2 /* OAuthSwift */; };
		3B8C8542265317D20032AC0D /* HeadlineImageView.swift in Sources */ = {isa = PBXBuildFile; fileRef = 3B8C8541265317D20032AC0D /* HeadlineImageView.swift */; };
		3B8C8544265351AF0032AC0D /* FrontHeadlinesView.swift in Sources */ = {isa = PBXBuildFile; fileRef = 3B8C8543265351AF0032AC0D /* FrontHeadlinesView.swift */; };
		3B942F842678584E00ACD6F4 /* BookmarksView.swift in Sources */ = {isa = PBXBuildFile; fileRef = 3B942F832678584E00ACD6F4 /* BookmarksView.swift */; };
		3B946D84267592EA002DA248 /* FeedCategories.swift in Sources */ = {isa = PBXBuildFile; fileRef = 3B946D83267592EA002DA248 /* FeedCategories.swift */; };
		3B9A2CD3266AB6E5003C9DAC /* CardExperminentView.swift in Sources */ = {isa = PBXBuildFile; fileRef = 3B9A2CD2266AB6E4003C9DAC /* CardExperminentView.swift */; };
		3B9A2CD5266B0FAA003C9DAC /* CardSmallViewExperiment.swift in Sources */ = {isa = PBXBuildFile; fileRef = 3B9A2CD4266B0FAA003C9DAC /* CardSmallViewExperiment.swift */; };
		3BB0753126506F9E00827B7F /* CardsView.swift in Sources */ = {isa = PBXBuildFile; fileRef = 3BB0753026506F9E00827B7F /* CardsView.swift */; };
		3BB573A0264D428200787F11 /* TimeLineResponse.swift in Sources */ = {isa = PBXBuildFile; fileRef = 3BB5739F264D428200787F11 /* TimeLineResponse.swift */; };
		3BB573A2264D42B800787F11 /* Meta.swift in Sources */ = {isa = PBXBuildFile; fileRef = 3BB573A1264D42B800787F11 /* Meta.swift */; };
		3BB573A4264D42D600787F11 /* FollowingsResponse.swift in Sources */ = {isa = PBXBuildFile; fileRef = 3BB573A3264D42D600787F11 /* FollowingsResponse.swift */; };
		3BD2B85A26668D50000D3BF3 /* CategoriesView.swift in Sources */ = {isa = PBXBuildFile; fileRef = 3BD2B85926668D50000D3BF3 /* CategoriesView.swift */; };
		3BD2B85C2667DA43000D3BF3 /* categories.json in Resources */ = {isa = PBXBuildFile; fileRef = 3BD2B85B2667CD88000D3BF3 /* categories.json */; };
		3BE40319261344D20009D404 /* CategoriesTabView.swift in Sources */ = {isa = PBXBuildFile; fileRef = 3BE40318261344D20009D404 /* CategoriesTabView.swift */; };
		3BE40327261355A30009D404 /* HeadlineCardView.swift in Sources */ = {isa = PBXBuildFile; fileRef = 3BE40326261355A30009D404 /* HeadlineCardView.swift */; };
		3BE4032A26136D970009D404 /* ProvidersView.swift in Sources */ = {isa = PBXBuildFile; fileRef = 3BE4032926136D970009D404 /* ProvidersView.swift */; };
		3BE4032D261382430009D404 /* CategoriesConfigurationView.swift in Sources */ = {isa = PBXBuildFile; fileRef = 3BE4032C261382430009D404 /* CategoriesConfigurationView.swift */; };
		3BF1AA8326863C13005F2552 /* SwiftUIX in Frameworks */ = {isa = PBXBuildFile; productRef = 3BF1AA8226863C13005F2552 /* SwiftUIX */; };
/* End PBXBuildFile section */

/* Begin PBXFileReference section */
		3B0A40CC263B560900AA836F /* OverrideStuff.swift */ = {isa = PBXFileReference; lastKnownFileType = sourcecode.swift; path = OverrideStuff.swift; sourceTree = "<group>"; };
		3B0CF125264896C100306C0A /* FeedModel.swift */ = {isa = PBXFileReference; lastKnownFileType = sourcecode.swift; path = FeedModel.swift; sourceTree = "<group>"; };
		3B0CF127264896F600306C0A /* UserAuthorization.swift */ = {isa = PBXFileReference; lastKnownFileType = sourcecode.swift; path = UserAuthorization.swift; sourceTree = "<group>"; };
		3B0CF1292648975600306C0A /* UserAccount.swift */ = {isa = PBXFileReference; lastKnownFileType = sourcecode.swift; path = UserAccount.swift; sourceTree = "<group>"; };
		3B0CF12B2648976500306C0A /* UserSubscription.swift */ = {isa = PBXFileReference; lastKnownFileType = sourcecode.swift; path = UserSubscription.swift; sourceTree = "<group>"; };
		3B20745226278AF70099603E /* TwitterServices.swift */ = {isa = PBXFileReference; lastKnownFileType = sourcecode.swift; path = TwitterServices.swift; sourceTree = "<group>"; };
		3B20745526278C260099603E /* SafariLoginView.swift */ = {isa = PBXFileReference; lastKnownFileType = sourcecode.swift; path = SafariLoginView.swift; sourceTree = "<group>"; };
		3B207459262790BC0099603E /* TwitterLoginSample.swift */ = {isa = PBXFileReference; lastKnownFileType = sourcecode.swift; path = TwitterLoginSample.swift; sourceTree = "<group>"; };
		3B2E3C31266EC35900A0DA10 /* TopicCardsView.swift */ = {isa = PBXFileReference; lastKnownFileType = sourcecode.swift; path = TopicCardsView.swift; sourceTree = "<group>"; };
		3B3382D92649812000C404F3 /* ContentView.swift */ = {isa = PBXFileReference; lastKnownFileType = sourcecode.swift; path = ContentView.swift; sourceTree = "<group>"; };
		3B3382DB2649926700C404F3 /* ErrorHandling.swift */ = {isa = PBXFileReference; lastKnownFileType = sourcecode.swift; path = ErrorHandling.swift; sourceTree = "<group>"; };
		3B364DF1262B0B970032FC61 /* FetchingView.swift */ = {isa = PBXFileReference; lastKnownFileType = sourcecode.swift; path = FetchingView.swift; sourceTree = "<group>"; };
		3B364DF4262B7C960032FC61 /* Samples.swift */ = {isa = PBXFileReference; lastKnownFileType = sourcecode.swift; path = Samples.swift; sourceTree = "<group>"; };
		3B364DF7262CA4600032FC61 /* MyPlayground.playground */ = {isa = PBXFileReference; lastKnownFileType = file.playground; path = MyPlayground.playground; sourceTree = "<group>"; xcLanguageSpecificationIdentifier = xcode.lang.swift; };
		3B58D03A264ADFA500926FD2 /* SubscriptionsView.swift */ = {isa = PBXFileReference; lastKnownFileType = sourcecode.swift; path = SubscriptionsView.swift; sourceTree = "<group>"; };
		3B650C4E26122AF000801185 /* MasterFeed.app */ = {isa = PBXFileReference; explicitFileType = wrapper.application; includeInIndex = 0; path = MasterFeed.app; sourceTree = BUILT_PRODUCTS_DIR; };
		3B650C5126122AF000801185 /* MasterFeedApp.swift */ = {isa = PBXFileReference; lastKnownFileType = sourcecode.swift; path = MasterFeedApp.swift; sourceTree = "<group>"; };
		3B650C5526122AF100801185 /* Assets.xcassets */ = {isa = PBXFileReference; lastKnownFileType = folder.assetcatalog; path = Assets.xcassets; sourceTree = "<group>"; };
		3B650C5826122AF100801185 /* Preview Assets.xcassets */ = {isa = PBXFileReference; lastKnownFileType = folder.assetcatalog; path = "Preview Assets.xcassets"; sourceTree = "<group>"; };
		3B650C5A26122AF100801185 /* Persistence.swift */ = {isa = PBXFileReference; lastKnownFileType = sourcecode.swift; path = Persistence.swift; sourceTree = "<group>"; };
		3B650C5D26122AF100801185 /* MasterFeed.xcdatamodel */ = {isa = PBXFileReference; lastKnownFileType = wrapper.xcdatamodel; path = MasterFeed.xcdatamodel; sourceTree = "<group>"; };
		3B650C5F26122AF100801185 /* Info.plist */ = {isa = PBXFileReference; lastKnownFileType = text.plist.xml; path = Info.plist; sourceTree = "<group>"; };
		3B6C2FF52645975700ACFE36 /* OnboardingView.swift */ = {isa = PBXFileReference; lastKnownFileType = sourcecode.swift; path = OnboardingView.swift; sourceTree = "<group>"; };
		3B6C2FF7264597E000ACFE36 /* OnboardingTabsView.swift */ = {isa = PBXFileReference; lastKnownFileType = sourcecode.swift; path = OnboardingTabsView.swift; sourceTree = "<group>"; };
		3B6C2FFB264598AD00ACFE36 /* Data.swift */ = {isa = PBXFileReference; lastKnownFileType = sourcecode.swift; path = Data.swift; sourceTree = "<group>"; };
		3B6C2FFD26459BB900ACFE36 /* ButtonStyle+ViewModifier.swift */ = {isa = PBXFileReference; lastKnownFileType = sourcecode.swift; path = "ButtonStyle+ViewModifier.swift"; sourceTree = "<group>"; };
		3B6C2FFF2645A25800ACFE36 /* OnboardingBackgroundView.swift */ = {isa = PBXFileReference; lastKnownFileType = sourcecode.swift; path = OnboardingBackgroundView.swift; sourceTree = "<group>"; };
		3B6C30012645AB0200ACFE36 /* ButtonsNextPreviousView.swift */ = {isa = PBXFileReference; lastKnownFileType = sourcecode.swift; path = ButtonsNextPreviousView.swift; sourceTree = "<group>"; };
		3B6C30042645C2F000ACFE36 /* TwitterLoginView.swift */ = {isa = PBXFileReference; lastKnownFileType = sourcecode.swift; path = TwitterLoginView.swift; sourceTree = "<group>"; };
		3B6C30062645C8BB00ACFE36 /* TwitterAuth.swift */ = {isa = PBXFileReference; lastKnownFileType = sourcecode.swift; path = TwitterAuth.swift; sourceTree = "<group>"; };
		3B6CB0EA2654499400408AA5 /* SampleData.swift */ = {isa = PBXFileReference; lastKnownFileType = sourcecode.swift; path = SampleData.swift; sourceTree = "<group>"; };
		3B6CB0F42655BFC000408AA5 /* ImageModel.swift */ = {isa = PBXFileReference; lastKnownFileType = sourcecode.swift; path = ImageModel.swift; sourceTree = "<group>"; };
		3B6CB0F62655D99E00408AA5 /* SwiftUIView.swift */ = {isa = PBXFileReference; lastKnownFileType = sourcecode.swift; path = SwiftUIView.swift; sourceTree = "<group>"; };
		3B6CB0F82656882B00408AA5 /* CardView.swift */ = {isa = PBXFileReference; lastKnownFileType = sourcecode.swift; path = CardView.swift; sourceTree = "<group>"; };
		3B79FDA8264C9C0E00EA6254 /* AppTabView.swift */ = {isa = PBXFileReference; lastKnownFileType = sourcecode.swift; path = AppTabView.swift; sourceTree = "<group>"; };
		3B834254264CA0AA001704D2 /* AccountView.swift */ = {isa = PBXFileReference; lastKnownFileType = sourcecode.swift; path = AccountView.swift; sourceTree = "<group>"; };
		3B834257264CBCCA001704D2 /* MainFeedView.swift */ = {isa = PBXFileReference; lastKnownFileType = sourcecode.swift; path = MainFeedView.swift; sourceTree = "<group>"; };
		3B8C8541265317D20032AC0D /* HeadlineImageView.swift */ = {isa = PBXFileReference; lastKnownFileType = sourcecode.swift; path = HeadlineImageView.swift; sourceTree = "<group>"; };
		3B8C8543265351AF0032AC0D /* FrontHeadlinesView.swift */ = {isa = PBXFileReference; lastKnownFileType = sourcecode.swift; path = FrontHeadlinesView.swift; sourceTree = "<group>"; };
		3B942F812677ED6C00ACD6F4 /* MasterFeed.entitlements */ = {isa = PBXFileReference; lastKnownFileType = text.plist.entitlements; path = MasterFeed.entitlements; sourceTree = "<group>"; };
		3B942F832678584E00ACD6F4 /* BookmarksView.swift */ = {isa = PBXFileReference; lastKnownFileType = sourcecode.swift; path = BookmarksView.swift; sourceTree = "<group>"; };
		3B946D83267592EA002DA248 /* FeedCategories.swift */ = {isa = PBXFileReference; lastKnownFileType = sourcecode.swift; path = FeedCategories.swift; sourceTree = "<group>"; };
		3B9A2CD2266AB6E4003C9DAC /* CardExperminentView.swift */ = {isa = PBXFileReference; lastKnownFileType = sourcecode.swift; path = CardExperminentView.swift; sourceTree = "<group>"; };
		3B9A2CD4266B0FAA003C9DAC /* CardSmallViewExperiment.swift */ = {isa = PBXFileReference; lastKnownFileType = sourcecode.swift; path = CardSmallViewExperiment.swift; sourceTree = "<group>"; };
		3BA8E10E26364A63009BE020 /* MyPlayground2.playground */ = {isa = PBXFileReference; lastKnownFileType = file.playground; path = MyPlayground2.playground; sourceTree = "<group>"; xcLanguageSpecificationIdentifier = xcode.lang.swift; };
		3BB0753026506F9E00827B7F /* CardsView.swift */ = {isa = PBXFileReference; lastKnownFileType = sourcecode.swift; path = CardsView.swift; sourceTree = "<group>"; };
		3BB5739F264D428200787F11 /* TimeLineResponse.swift */ = {isa = PBXFileReference; lastKnownFileType = sourcecode.swift; path = TimeLineResponse.swift; sourceTree = "<group>"; };
		3BB573A1264D42B800787F11 /* Meta.swift */ = {isa = PBXFileReference; lastKnownFileType = sourcecode.swift; path = Meta.swift; sourceTree = "<group>"; };
		3BB573A3264D42D600787F11 /* FollowingsResponse.swift */ = {isa = PBXFileReference; lastKnownFileType = sourcecode.swift; path = FollowingsResponse.swift; sourceTree = "<group>"; };
		3BD2B85926668D50000D3BF3 /* CategoriesView.swift */ = {isa = PBXFileReference; lastKnownFileType = sourcecode.swift; path = CategoriesView.swift; sourceTree = "<group>"; };
		3BD2B85B2667CD88000D3BF3 /* categories.json */ = {isa = PBXFileReference; lastKnownFileType = text.json; path = categories.json; sourceTree = "<group>"; };
		3BE40318261344D20009D404 /* CategoriesTabView.swift */ = {isa = PBXFileReference; lastKnownFileType = sourcecode.swift; path = CategoriesTabView.swift; sourceTree = "<group>"; };
		3BE40326261355A30009D404 /* HeadlineCardView.swift */ = {isa = PBXFileReference; lastKnownFileType = sourcecode.swift; path = HeadlineCardView.swift; sourceTree = "<group>"; };
		3BE4032926136D970009D404 /* ProvidersView.swift */ = {isa = PBXFileReference; lastKnownFileType = sourcecode.swift; path = ProvidersView.swift; sourceTree = "<group>"; };
		3BE4032C261382430009D404 /* CategoriesConfigurationView.swift */ = {isa = PBXFileReference; lastKnownFileType = sourcecode.swift; path = CategoriesConfigurationView.swift; sourceTree = "<group>"; };
		3BF1AA8526864146005F2552 /* FeedPlayground.playground */ = {isa = PBXFileReference; lastKnownFileType = file.playground; path = FeedPlayground.playground; sourceTree = "<group>"; xcLanguageSpecificationIdentifier = xcode.lang.swift; };
/* End PBXFileReference section */

/* Begin PBXFrameworksBuildPhase section */
		3B650C4B26122AF000801185 /* Frameworks */ = {
			isa = PBXFrameworksBuildPhase;
			buildActionMask = 2147483647;
			files = (
				3B00BF25264F0E040014CFDD /* UnsupervisedTextClassifier in Frameworks */,
				3B89A2692628ED0A00C92DA2 /* OAuthSwift in Frameworks */,
				3BF1AA8326863C13005F2552 /* SwiftUIX in Frameworks */,
			);
			runOnlyForDeploymentPostprocessing = 0;
		};
/* End PBXFrameworksBuildPhase section */

/* Begin PBXGroup section */
		3B0CF1242648968B00306C0A /* Model */ = {
			isa = PBXGroup;
			children = (
				3BD2B85B2667CD88000D3BF3 /* categories.json */,
				3B0CF125264896C100306C0A /* FeedModel.swift */,
				3B0CF127264896F600306C0A /* UserAuthorization.swift */,
				3B0CF1292648975600306C0A /* UserAccount.swift */,
				3B0CF12B2648976500306C0A /* UserSubscription.swift */,
				3B3382DB2649926700C404F3 /* ErrorHandling.swift */,
				3B6CB0EA2654499400408AA5 /* SampleData.swift */,
				3B946D83267592EA002DA248 /* FeedCategories.swift */,
			);
			path = Model;
			sourceTree = "<group>";
		};
		3B20745126278AD50099603E /* ExperimentalTwitter */ = {
			isa = PBXGroup;
			children = (
				3B20745526278C260099603E /* SafariLoginView.swift */,
				3B207459262790BC0099603E /* TwitterLoginSample.swift */,
				3B364DF1262B0B970032FC61 /* FetchingView.swift */,
				3B364DF4262B7C960032FC61 /* Samples.swift */,
				3B364DF7262CA4600032FC61 /* MyPlayground.playground */,
				3BA8E10E26364A63009BE020 /* MyPlayground2.playground */,
				3B0A40CC263B560900AA836F /* OverrideStuff.swift */,
				3B6C30062645C8BB00ACFE36 /* TwitterAuth.swift */,
			);
			path = ExperimentalTwitter;
			sourceTree = "<group>";
		};
		3B650C4526122AF000801185 = {
			isa = PBXGroup;
			children = (
				3B650C5026122AF000801185 /* MasterFeed */,
				3B650C4F26122AF000801185 /* Products */,
				3B69EE2E262E16BB0026486B /* Frameworks */,
			);
			sourceTree = "<group>";
		};
		3B650C4F26122AF000801185 /* Products */ = {
			isa = PBXGroup;
			children = (
				3B650C4E26122AF000801185 /* MasterFeed.app */,
			);
			name = Products;
			sourceTree = "<group>";
		};
		3B650C5026122AF000801185 /* MasterFeed */ = {
			isa = PBXGroup;
			children = (
				3BF1AA842686412B005F2552 /* Playgrounds */,
				3B942F822678583F00ACD6F4 /* Booksmarks */,
				3B942F812677ED6C00ACD6F4 /* MasterFeed.entitlements */,
				3BD2B85826668D3E000D3BF3 /* Categories */,
				3BB5739E264D424C00787F11 /* TwitterServices */,
				3B834256264CBCBA001704D2 /* Feed */,
				3B834253264CA09B001704D2 /* Account */,
				3BDA4827264C626C00215741 /* Common */,
				3B0CF1242648968B00306C0A /* Model */,
				3B96AB082644B731004B0AAC /* Onboarding */,
				3B20745126278AD50099603E /* ExperimentalTwitter */,
				3BE40317261344B40009D404 /* ExperimentalViews */,
				3B650C5126122AF000801185 /* MasterFeedApp.swift */,
				3B79FDA8264C9C0E00EA6254 /* AppTabView.swift */,
				3B650C5526122AF100801185 /* Assets.xcassets */,
				3B650C5A26122AF100801185 /* Persistence.swift */,
				3B650C5F26122AF100801185 /* Info.plist */,
				3B650C5C26122AF100801185 /* MasterFeed.xcdatamodeld */,
				3B650C5726122AF100801185 /* Preview Content */,
				3B3382D92649812000C404F3 /* ContentView.swift */,
			);
			path = MasterFeed;
			sourceTree = "<group>";
		};
		3B650C5726122AF100801185 /* Preview Content */ = {
			isa = PBXGroup;
			children = (
				3B650C5826122AF100801185 /* Preview Assets.xcassets */,
			);
			path = "Preview Content";
			sourceTree = "<group>";
		};
		3B69EE2E262E16BB0026486B /* Frameworks */ = {
			isa = PBXGroup;
			children = (
			);
			name = Frameworks;
			sourceTree = "<group>";
		};
		3B834253264CA09B001704D2 /* Account */ = {
			isa = PBXGroup;
			children = (
				3B834254264CA0AA001704D2 /* AccountView.swift */,
				3B58D03A264ADFA500926FD2 /* SubscriptionsView.swift */,
			);
			path = Account;
			sourceTree = "<group>";
		};
		3B834256264CBCBA001704D2 /* Feed */ = {
			isa = PBXGroup;
			children = (
				3B834257264CBCCA001704D2 /* MainFeedView.swift */,
				3B8C8541265317D20032AC0D /* HeadlineImageView.swift */,
				3B8C8543265351AF0032AC0D /* FrontHeadlinesView.swift */,
				3B6CB0F62655D99E00408AA5 /* SwiftUIView.swift */,
				3B6CB0F82656882B00408AA5 /* CardView.swift */,
				3B9A2CD2266AB6E4003C9DAC /* CardExperminentView.swift */,
				3B9A2CD4266B0FAA003C9DAC /* CardSmallViewExperiment.swift */,
				3B2E3C31266EC35900A0DA10 /* TopicCardsView.swift */,
			);
			path = Feed;
			sourceTree = "<group>";
		};
		3B942F822678583F00ACD6F4 /* Booksmarks */ = {
			isa = PBXGroup;
			children = (
				3B942F832678584E00ACD6F4 /* BookmarksView.swift */,
			);
			path = Booksmarks;
			sourceTree = "<group>";
		};
		3B96AB082644B731004B0AAC /* Onboarding */ = {
			isa = PBXGroup;
			children = (
				3B6C2FF52645975700ACFE36 /* OnboardingView.swift */,
				3B6C2FF7264597E000ACFE36 /* OnboardingTabsView.swift */,
				3B6C2FFB264598AD00ACFE36 /* Data.swift */,
				3B6C2FFD26459BB900ACFE36 /* ButtonStyle+ViewModifier.swift */,
				3B6C2FFF2645A25800ACFE36 /* OnboardingBackgroundView.swift */,
				3B6C30012645AB0200ACFE36 /* ButtonsNextPreviousView.swift */,
				3B6C30042645C2F000ACFE36 /* TwitterLoginView.swift */,
			);
			path = Onboarding;
			sourceTree = "<group>";
		};
		3BB5739E264D424C00787F11 /* TwitterServices */ = {
			isa = PBXGroup;
			children = (
				3B20745226278AF70099603E /* TwitterServices.swift */,
				3BB5739F264D428200787F11 /* TimeLineResponse.swift */,
				3BB573A1264D42B800787F11 /* Meta.swift */,
				3BB573A3264D42D600787F11 /* FollowingsResponse.swift */,
			);
			path = TwitterServices;
			sourceTree = "<group>";
		};
		3BD2B85826668D3E000D3BF3 /* Categories */ = {
			isa = PBXGroup;
			children = (
				3BD2B85926668D50000D3BF3 /* CategoriesView.swift */,
			);
			path = Categories;
			sourceTree = "<group>";
		};
		3BDA4827264C626C00215741 /* Common */ = {
			isa = PBXGroup;
			children = (
				3B6CB0F42655BFC000408AA5 /* ImageModel.swift */,
			);
			path = Common;
			sourceTree = "<group>";
		};
		3BE40317261344B40009D404 /* ExperimentalViews */ = {
			isa = PBXGroup;
			children = (
				3BE40318261344D20009D404 /* CategoriesTabView.swift */,
				3BE40326261355A30009D404 /* HeadlineCardView.swift */,
				3BE4032926136D970009D404 /* ProvidersView.swift */,
				3BE4032C261382430009D404 /* CategoriesConfigurationView.swift */,
				3BB0753026506F9E00827B7F /* CardsView.swift */,
			);
			path = ExperimentalViews;
			sourceTree = "<group>";
		};
		3BF1AA842686412B005F2552 /* Playgrounds */ = {
			isa = PBXGroup;
			children = (
				3BF1AA8526864146005F2552 /* FeedPlayground.playground */,
			);
			path = Playgrounds;
			sourceTree = "<group>";
		};
/* End PBXGroup section */

/* Begin PBXNativeTarget section */
		3B650C4D26122AF000801185 /* MasterFeed */ = {
			isa = PBXNativeTarget;
			buildConfigurationList = 3B650C6226122AF100801185 /* Build configuration list for PBXNativeTarget "MasterFeed" */;
			buildPhases = (
				3B650C4A26122AF000801185 /* Sources */,
				3B650C4B26122AF000801185 /* Frameworks */,
				3B650C4C26122AF000801185 /* Resources */,
			);
			buildRules = (
			);
			dependencies = (
			);
			name = MasterFeed;
			packageProductDependencies = (
				3B89A2682628ED0A00C92DA2 /* OAuthSwift */,
				3B00BF24264F0E040014CFDD /* UnsupervisedTextClassifier */,
				3BF1AA8226863C13005F2552 /* SwiftUIX */,
			);
			productName = MasterFeed;
			productReference = 3B650C4E26122AF000801185 /* MasterFeed.app */;
			productType = "com.apple.product-type.application";
		};
/* End PBXNativeTarget section */

/* Begin PBXProject section */
		3B650C4626122AF000801185 /* Project object */ = {
			isa = PBXProject;
			attributes = {
				LastSwiftUpdateCheck = 1240;
				LastUpgradeCheck = 1240;
				TargetAttributes = {
					3B650C4D26122AF000801185 = {
						CreatedOnToolsVersion = 12.4;
					};
				};
			};
			buildConfigurationList = 3B650C4926122AF000801185 /* Build configuration list for PBXProject "MasterFeed" */;
			compatibilityVersion = "Xcode 9.3";
			developmentRegion = en;
			hasScannedForEncodings = 0;
			knownRegions = (
				en,
				Base,
			);
			mainGroup = 3B650C4526122AF000801185;
			packageReferences = (
				3B89A2672628ED0A00C92DA2 /* XCRemoteSwiftPackageReference "OAuthSwift" */,
				3B69EE2A262E15960026486B /* XCRemoteSwiftPackageReference "UnsupervisedTextClassifier" */,
				3B6CB0EF2655368700408AA5 /* XCRemoteSwiftPackageReference "SwiftUIX" */,
			);
			productRefGroup = 3B650C4F26122AF000801185 /* Products */;
			projectDirPath = "";
			projectRoot = "";
			targets = (
				3B650C4D26122AF000801185 /* MasterFeed */,
			);
		};
/* End PBXProject section */

/* Begin PBXResourcesBuildPhase section */
		3B650C4C26122AF000801185 /* Resources */ = {
			isa = PBXResourcesBuildPhase;
			buildActionMask = 2147483647;
			files = (
				3B650C5926122AF100801185 /* Preview Assets.xcassets in Resources */,
				3B650C5626122AF100801185 /* Assets.xcassets in Resources */,
				3BD2B85C2667DA43000D3BF3 /* categories.json in Resources */,
			);
			runOnlyForDeploymentPostprocessing = 0;
		};
/* End PBXResourcesBuildPhase section */

/* Begin PBXSourcesBuildPhase section */
		3B650C4A26122AF000801185 /* Sources */ = {
			isa = PBXSourcesBuildPhase;
			buildActionMask = 2147483647;
			files = (
				3B6C30002645A25800ACFE36 /* OnboardingBackgroundView.swift in Sources */,
				3B6CB0EB2654499400408AA5 /* SampleData.swift in Sources */,
				3B6CB0F72655D99E00408AA5 /* SwiftUIView.swift in Sources */,
				3B6C2FFE26459BB900ACFE36 /* ButtonStyle+ViewModifier.swift in Sources */,
				3B6C30052645C2F000ACFE36 /* TwitterLoginView.swift in Sources */,
				3BE40319261344D20009D404 /* CategoriesTabView.swift in Sources */,
				3B0A40CD263B560900AA836F /* OverrideStuff.swift in Sources */,
				3BD2B85A26668D50000D3BF3 /* CategoriesView.swift in Sources */,
				3B58D03B264ADFA500926FD2 /* SubscriptionsView.swift in Sources */,
				3BB0753126506F9E00827B7F /* CardsView.swift in Sources */,
				3B364DF2262B0B970032FC61 /* FetchingView.swift in Sources */,
				3BE4032D261382430009D404 /* CategoriesConfigurationView.swift in Sources */,
				3B79FDA9264C9C0E00EA6254 /* AppTabView.swift in Sources */,
				3B650C5B26122AF100801185 /* Persistence.swift in Sources */,
				3B20745626278C260099603E /* SafariLoginView.swift in Sources */,
				3B3382DC2649926700C404F3 /* ErrorHandling.swift in Sources */,
				3B6CB0F92656882B00408AA5 /* CardView.swift in Sources */,
				3B0CF128264896F600306C0A /* UserAuthorization.swift in Sources */,
				3B0CF12C2648976500306C0A /* UserSubscription.swift in Sources */,
				3B20745326278AF70099603E /* TwitterServices.swift in Sources */,
				3B8C8542265317D20032AC0D /* HeadlineImageView.swift in Sources */,
				3B6CB0F52655BFC000408AA5 /* ImageModel.swift in Sources */,
				3B8C8544265351AF0032AC0D /* FrontHeadlinesView.swift in Sources */,
				3B834258264CBCCA001704D2 /* MainFeedView.swift in Sources */,
				3BB573A4264D42D600787F11 /* FollowingsResponse.swift in Sources */,
				3B6C2FF8264597E000ACFE36 /* OnboardingTabsView.swift in Sources */,
				3B834255264CA0AA001704D2 /* AccountView.swift in Sources */,
				3B6C2FF62645975700ACFE36 /* OnboardingView.swift in Sources */,
				3B6C30072645C8BB00ACFE36 /* TwitterAuth.swift in Sources */,
				3B2E3C32266EC35900A0DA10 /* TopicCardsView.swift in Sources */,
				3BE40327261355A30009D404 /* HeadlineCardView.swift in Sources */,
				3B6C2FFC264598AD00ACFE36 /* Data.swift in Sources */,
				3B0CF12A2648975600306C0A /* UserAccount.swift in Sources */,
				3B946D84267592EA002DA248 /* FeedCategories.swift in Sources */,
				3B9A2CD3266AB6E5003C9DAC /* CardExperminentView.swift in Sources */,
				3B650C5226122AF000801185 /* MasterFeedApp.swift in Sources */,
				3B20745A262790BC0099603E /* TwitterLoginSample.swift in Sources */,
				3B9A2CD5266B0FAA003C9DAC /* CardSmallViewExperiment.swift in Sources */,
				3B942F842678584E00ACD6F4 /* BookmarksView.swift in Sources */,
				3B0CF126264896C100306C0A /* FeedModel.swift in Sources */,
				3B364DF5262B7C960032FC61 /* Samples.swift in Sources */,
				3BB573A0264D428200787F11 /* TimeLineResponse.swift in Sources */,
				3B3382DA2649812000C404F3 /* ContentView.swift in Sources */,
				3BB573A2264D42B800787F11 /* Meta.swift in Sources */,
				3B6C30022645AB0200ACFE36 /* ButtonsNextPreviousView.swift in Sources */,
				3B650C5E26122AF100801185 /* MasterFeed.xcdatamodeld in Sources */,
				3BE4032A26136D970009D404 /* ProvidersView.swift in Sources */,
			);
			runOnlyForDeploymentPostprocessing = 0;
		};
/* End PBXSourcesBuildPhase section */

/* Begin XCBuildConfiguration section */
		3B650C6026122AF100801185 /* Debug */ = {
			isa = XCBuildConfiguration;
			buildSettings = {
				ALWAYS_SEARCH_USER_PATHS = NO;
				CLANG_ANALYZER_NONNULL = YES;
				CLANG_ANALYZER_NUMBER_OBJECT_CONVERSION = YES_AGGRESSIVE;
				CLANG_CXX_LANGUAGE_STANDARD = "gnu++14";
				CLANG_CXX_LIBRARY = "libc++";
				CLANG_ENABLE_MODULES = YES;
				CLANG_ENABLE_OBJC_ARC = YES;
				CLANG_ENABLE_OBJC_WEAK = YES;
				CLANG_WARN_BLOCK_CAPTURE_AUTORELEASING = YES;
				CLANG_WARN_BOOL_CONVERSION = YES;
				CLANG_WARN_COMMA = YES;
				CLANG_WARN_CONSTANT_CONVERSION = YES;
				CLANG_WARN_DEPRECATED_OBJC_IMPLEMENTATIONS = YES;
				CLANG_WARN_DIRECT_OBJC_ISA_USAGE = YES_ERROR;
				CLANG_WARN_DOCUMENTATION_COMMENTS = YES;
				CLANG_WARN_EMPTY_BODY = YES;
				CLANG_WARN_ENUM_CONVERSION = YES;
				CLANG_WARN_INFINITE_RECURSION = YES;
				CLANG_WARN_INT_CONVERSION = YES;
				CLANG_WARN_NON_LITERAL_NULL_CONVERSION = YES;
				CLANG_WARN_OBJC_IMPLICIT_RETAIN_SELF = YES;
				CLANG_WARN_OBJC_LITERAL_CONVERSION = YES;
				CLANG_WARN_OBJC_ROOT_CLASS = YES_ERROR;
				CLANG_WARN_QUOTED_INCLUDE_IN_FRAMEWORK_HEADER = YES;
				CLANG_WARN_RANGE_LOOP_ANALYSIS = YES;
				CLANG_WARN_STRICT_PROTOTYPES = YES;
				CLANG_WARN_SUSPICIOUS_MOVE = YES;
				CLANG_WARN_UNGUARDED_AVAILABILITY = YES_AGGRESSIVE;
				CLANG_WARN_UNREACHABLE_CODE = YES;
				CLANG_WARN__DUPLICATE_METHOD_MATCH = YES;
				COPY_PHASE_STRIP = NO;
				DEBUG_INFORMATION_FORMAT = dwarf;
				ENABLE_STRICT_OBJC_MSGSEND = YES;
				ENABLE_TESTABILITY = YES;
				GCC_C_LANGUAGE_STANDARD = gnu11;
				GCC_DYNAMIC_NO_PIC = NO;
				GCC_NO_COMMON_BLOCKS = YES;
				GCC_OPTIMIZATION_LEVEL = 0;
				GCC_PREPROCESSOR_DEFINITIONS = (
					"DEBUG=1",
					"$(inherited)",
				);
				GCC_WARN_64_TO_32_BIT_CONVERSION = YES;
				GCC_WARN_ABOUT_RETURN_TYPE = YES_ERROR;
				GCC_WARN_UNDECLARED_SELECTOR = YES;
				GCC_WARN_UNINITIALIZED_AUTOS = YES_AGGRESSIVE;
				GCC_WARN_UNUSED_FUNCTION = YES;
				GCC_WARN_UNUSED_VARIABLE = YES;
				IPHONEOS_DEPLOYMENT_TARGET = 14.5;
				MTL_ENABLE_DEBUG_INFO = INCLUDE_SOURCE;
				MTL_FAST_MATH = YES;
				ONLY_ACTIVE_ARCH = YES;
				SDKROOT = iphoneos;
				SWIFT_ACTIVE_COMPILATION_CONDITIONS = DEBUG;
				SWIFT_OPTIMIZATION_LEVEL = "-Onone";
			};
			name = Debug;
		};
		3B650C6126122AF100801185 /* Release */ = {
			isa = XCBuildConfiguration;
			buildSettings = {
				ALWAYS_SEARCH_USER_PATHS = NO;
				CLANG_ANALYZER_NONNULL = YES;
				CLANG_ANALYZER_NUMBER_OBJECT_CONVERSION = YES_AGGRESSIVE;
				CLANG_CXX_LANGUAGE_STANDARD = "gnu++14";
				CLANG_CXX_LIBRARY = "libc++";
				CLANG_ENABLE_MODULES = YES;
				CLANG_ENABLE_OBJC_ARC = YES;
				CLANG_ENABLE_OBJC_WEAK = YES;
				CLANG_WARN_BLOCK_CAPTURE_AUTORELEASING = YES;
				CLANG_WARN_BOOL_CONVERSION = YES;
				CLANG_WARN_COMMA = YES;
				CLANG_WARN_CONSTANT_CONVERSION = YES;
				CLANG_WARN_DEPRECATED_OBJC_IMPLEMENTATIONS = YES;
				CLANG_WARN_DIRECT_OBJC_ISA_USAGE = YES_ERROR;
				CLANG_WARN_DOCUMENTATION_COMMENTS = YES;
				CLANG_WARN_EMPTY_BODY = YES;
				CLANG_WARN_ENUM_CONVERSION = YES;
				CLANG_WARN_INFINITE_RECURSION = YES;
				CLANG_WARN_INT_CONVERSION = YES;
				CLANG_WARN_NON_LITERAL_NULL_CONVERSION = YES;
				CLANG_WARN_OBJC_IMPLICIT_RETAIN_SELF = YES;
				CLANG_WARN_OBJC_LITERAL_CONVERSION = YES;
				CLANG_WARN_OBJC_ROOT_CLASS = YES_ERROR;
				CLANG_WARN_QUOTED_INCLUDE_IN_FRAMEWORK_HEADER = YES;
				CLANG_WARN_RANGE_LOOP_ANALYSIS = YES;
				CLANG_WARN_STRICT_PROTOTYPES = YES;
				CLANG_WARN_SUSPICIOUS_MOVE = YES;
				CLANG_WARN_UNGUARDED_AVAILABILITY = YES_AGGRESSIVE;
				CLANG_WARN_UNREACHABLE_CODE = YES;
				CLANG_WARN__DUPLICATE_METHOD_MATCH = YES;
				COPY_PHASE_STRIP = NO;
				DEBUG_INFORMATION_FORMAT = "dwarf-with-dsym";
				ENABLE_NS_ASSERTIONS = NO;
				ENABLE_STRICT_OBJC_MSGSEND = YES;
				GCC_C_LANGUAGE_STANDARD = gnu11;
				GCC_NO_COMMON_BLOCKS = YES;
				GCC_WARN_64_TO_32_BIT_CONVERSION = YES;
				GCC_WARN_ABOUT_RETURN_TYPE = YES_ERROR;
				GCC_WARN_UNDECLARED_SELECTOR = YES;
				GCC_WARN_UNINITIALIZED_AUTOS = YES_AGGRESSIVE;
				GCC_WARN_UNUSED_FUNCTION = YES;
				GCC_WARN_UNUSED_VARIABLE = YES;
				IPHONEOS_DEPLOYMENT_TARGET = 14.5;
				MTL_ENABLE_DEBUG_INFO = NO;
				MTL_FAST_MATH = YES;
				SDKROOT = iphoneos;
				SWIFT_COMPILATION_MODE = wholemodule;
				SWIFT_OPTIMIZATION_LEVEL = "-O";
				VALIDATE_PRODUCT = YES;
			};
			name = Release;
		};
		3B650C6326122AF100801185 /* Debug */ = {
			isa = XCBuildConfiguration;
			buildSettings = {
				ASSETCATALOG_COMPILER_APPICON_NAME = AppIcon;
				ASSETCATALOG_COMPILER_GLOBAL_ACCENT_COLOR_NAME = AccentColor;
				CODE_SIGN_ENTITLEMENTS = MasterFeed/MasterFeed.entitlements;
				CODE_SIGN_IDENTITY = "Apple Development";
				CODE_SIGN_STYLE = Automatic;
				DEVELOPMENT_ASSET_PATHS = "\"MasterFeed/Preview Content\"";
				DEVELOPMENT_TEAM = 8VE9B6GQA7;
				ENABLE_PREVIEWS = YES;
				INFOPLIST_FILE = MasterFeed/Info.plist;
				IPHONEOS_DEPLOYMENT_TARGET = 14.0;
				LD_RUNPATH_SEARCH_PATHS = (
					"$(inherited)",
					"@executable_path/Frameworks",
				);
				PRODUCT_BUNDLE_IDENTIFIER = com.jfuentes.MasterFeed;
				PRODUCT_NAME = "$(TARGET_NAME)";
				PROVISIONING_PROFILE_SPECIFIER = "";
				SUPPORTS_MACCATALYST = NO;
				SWIFT_VERSION = 5.0;
				TARGETED_DEVICE_FAMILY = 1;
			};
			name = Debug;
		};
		3B650C6426122AF100801185 /* Release */ = {
			isa = XCBuildConfiguration;
			buildSettings = {
				ASSETCATALOG_COMPILER_APPICON_NAME = AppIcon;
				ASSETCATALOG_COMPILER_GLOBAL_ACCENT_COLOR_NAME = AccentColor;
				CODE_SIGN_ENTITLEMENTS = MasterFeed/MasterFeed.entitlements;
				CODE_SIGN_IDENTITY = "Apple Development";
				CODE_SIGN_STYLE = Automatic;
				DEVELOPMENT_ASSET_PATHS = "\"MasterFeed/Preview Content\"";
				DEVELOPMENT_TEAM = 8VE9B6GQA7;
				ENABLE_PREVIEWS = YES;
				INFOPLIST_FILE = MasterFeed/Info.plist;
				IPHONEOS_DEPLOYMENT_TARGET = 14.0;
				LD_RUNPATH_SEARCH_PATHS = (
					"$(inherited)",
					"@executable_path/Frameworks",
				);
				PRODUCT_BUNDLE_IDENTIFIER = com.jfuentes.MasterFeed;
				PRODUCT_NAME = "$(TARGET_NAME)";
				PROVISIONING_PROFILE_SPECIFIER = "";
				SUPPORTS_MACCATALYST = NO;
				SWIFT_VERSION = 5.0;
				TARGETED_DEVICE_FAMILY = 1;
			};
			name = Release;
		};
/* End XCBuildConfiguration section */

/* Begin XCConfigurationList section */
		3B650C4926122AF000801185 /* Build configuration list for PBXProject "MasterFeed" */ = {
			isa = XCConfigurationList;
			buildConfigurations = (
				3B650C6026122AF100801185 /* Debug */,
				3B650C6126122AF100801185 /* Release */,
			);
			defaultConfigurationIsVisible = 0;
			defaultConfigurationName = Release;
		};
		3B650C6226122AF100801185 /* Build configuration list for PBXNativeTarget "MasterFeed" */ = {
			isa = XCConfigurationList;
			buildConfigurations = (
				3B650C6326122AF100801185 /* Debug */,
				3B650C6426122AF100801185 /* Release */,
			);
			defaultConfigurationIsVisible = 0;
			defaultConfigurationName = Release;
		};
/* End XCConfigurationList section */

/* Begin XCRemoteSwiftPackageReference section */
		3B69EE2A262E15960026486B /* XCRemoteSwiftPackageReference "UnsupervisedTextClassifier" */ = {
			isa = XCRemoteSwiftPackageReference;
			repositoryURL = "file:///Users/javier/Desktop/Project2/UnsupervisedTextClassifier";
			requirement = {
				branch = main;
				kind = branch;
			};
		};
		3B6CB0EF2655368700408AA5 /* XCRemoteSwiftPackageReference "SwiftUIX" */ = {
			isa = XCRemoteSwiftPackageReference;
			repositoryURL = "https://github.com/SwiftUIX/SwiftUIX";
			requirement = {
				kind = upToNextMajorVersion;
				minimumVersion = 0.0.6;
			};
		};
		3B89A2672628ED0A00C92DA2 /* XCRemoteSwiftPackageReference "OAuthSwift" */ = {
			isa = XCRemoteSwiftPackageReference;
			repositoryURL = "https://github.com/OAuthSwift/OAuthSwift.git";
			requirement = {
				kind = upToNextMajorVersion;
				minimumVersion = 2.1.2;
			};
		};
/* End XCRemoteSwiftPackageReference section */

/* Begin XCSwiftPackageProductDependency section */
		3B00BF24264F0E040014CFDD /* UnsupervisedTextClassifier */ = {
			isa = XCSwiftPackageProductDependency;
			package = 3B69EE2A262E15960026486B /* XCRemoteSwiftPackageReference "UnsupervisedTextClassifier" */;
			productName = UnsupervisedTextClassifier;
		};
		3B89A2682628ED0A00C92DA2 /* OAuthSwift */ = {
			isa = XCSwiftPackageProductDependency;
			package = 3B89A2672628ED0A00C92DA2 /* XCRemoteSwiftPackageReference "OAuthSwift" */;
			productName = OAuthSwift;
		};
		3BF1AA8226863C13005F2552 /* SwiftUIX */ = {
			isa = XCSwiftPackageProductDependency;
			package = 3B6CB0EF2655368700408AA5 /* XCRemoteSwiftPackageReference "SwiftUIX" */;
			productName = SwiftUIX;
		};
/* End XCSwiftPackageProductDependency section */

/* Begin XCVersionGroup section */
		3B650C5C26122AF100801185 /* MasterFeed.xcdatamodeld */ = {
			isa = XCVersionGroup;
			children = (
				3B650C5D26122AF100801185 /* MasterFeed.xcdatamodel */,
			);
			currentVersion = 3B650C5D26122AF100801185 /* MasterFeed.xcdatamodel */;
			path = MasterFeed.xcdatamodeld;
			sourceTree = "<group>";
			versionGroupType = wrapper.xcdatamodel;
		};
/* End XCVersionGroup section */
	};
	rootObject = 3B650C4626122AF000801185 /* Project object */;
}
